// !$*UTF8*$!
{
	archiveVersion = 1;
	classes = {
	};
	objectVersion = 56;
	objects = {

/* Begin PBXBuildFile section */
		800C78D928D1885200432CA2 /* ptool-watchOS Watch App.app in Embed Watch Content */ = {isa = PBXBuildFile; fileRef = 800C78D828D1885200432CA2 /* ptool-watchOS Watch App.app */; settings = {ATTRIBUTES = (RemoveHeadersOnCopy, ); }; };
		800C78DE28D1885200432CA2 /* ptool_watchOSApp.swift in Sources */ = {isa = PBXBuildFile; fileRef = 800C78DD28D1885200432CA2 /* ptool_watchOSApp.swift */; };
		800C78E228D1885300432CA2 /* Assets.xcassets in Resources */ = {isa = PBXBuildFile; fileRef = 800C78E128D1885300432CA2 /* Assets.xcassets */; };
		800C78E528D1885300432CA2 /* Preview Assets.xcassets in Resources */ = {isa = PBXBuildFile; fileRef = 800C78E428D1885300432CA2 /* Preview Assets.xcassets */; };
		800C78EF28D1885300432CA2 /* ptool_watchOS_Watch_AppTests.swift in Sources */ = {isa = PBXBuildFile; fileRef = 800C78EE28D1885300432CA2 /* ptool_watchOS_Watch_AppTests.swift */; };
		800C78F928D1885300432CA2 /* ptool_watchOS_Watch_AppUITests.swift in Sources */ = {isa = PBXBuildFile; fileRef = 800C78F828D1885300432CA2 /* ptool_watchOS_Watch_AppUITests.swift */; };
		800C78FB28D1885300432CA2 /* ptool_watchOS_Watch_AppUITestsLaunchTests.swift in Sources */ = {isa = PBXBuildFile; fileRef = 800C78FA28D1885300432CA2 /* ptool_watchOS_Watch_AppUITestsLaunchTests.swift */; };
		801408322905990D00D9E225 /* RadarView.swift in Sources */ = {isa = PBXBuildFile; fileRef = 801408312905990D00D9E225 /* RadarView.swift */; };
		801A234628ED1CD000999CF3 /* MainMenuView.swift in Sources */ = {isa = PBXBuildFile; fileRef = 801A234528ED1CD000999CF3 /* MainMenuView.swift */; };
		801E698728E6988600919E9F /* PtoolLogoView.swift in Sources */ = {isa = PBXBuildFile; fileRef = 801E698628E6988600919E9F /* PtoolLogoView.swift */; };
		801E698928E699CF00919E9F /* ConfigView.swift in Sources */ = {isa = PBXBuildFile; fileRef = 801E698828E699CF00919E9F /* ConfigView.swift */; };
		801E698C28E69E7F00919E9F /* ReportDetailView.swift in Sources */ = {isa = PBXBuildFile; fileRef = 801E698B28E69E7F00919E9F /* ReportDetailView.swift */; };
		801E699028E7497C00919E9F /* GoogleService-Info.plist in Resources */ = {isa = PBXBuildFile; fileRef = 801E698F28E7497C00919E9F /* GoogleService-Info.plist */; };
		801E699228E7552E00919E9F /* UserEditIView.swift in Sources */ = {isa = PBXBuildFile; fileRef = 801E699128E7552E00919E9F /* UserEditIView.swift */; };
		801E699428E7636D00919E9F /* RouteSelectView.swift in Sources */ = {isa = PBXBuildFile; fileRef = 801E699328E7636D00919E9F /* RouteSelectView.swift */; };
		801E699628E7638400919E9F /* OfficeSelectView.swift in Sources */ = {isa = PBXBuildFile; fileRef = 801E699528E7638400919E9F /* OfficeSelectView.swift */; };
		801E699A28E7759A00919E9F /* DeliveryNote.swift in Sources */ = {isa = PBXBuildFile; fileRef = 801E699928E7759A00919E9F /* DeliveryNote.swift */; };
		801E699D28E7766400919E9F /* DeliveryNoteListView.swift in Sources */ = {isa = PBXBuildFile; fileRef = 801E699C28E7766400919E9F /* DeliveryNoteListView.swift */; };
		801E699F28E776BC00919E9F /* DeliveryNoteDetailView.swift in Sources */ = {isa = PBXBuildFile; fileRef = 801E699E28E776BC00919E9F /* DeliveryNoteDetailView.swift */; };
		801E69A228E799C300919E9F /* WelcomeView.swift in Sources */ = {isa = PBXBuildFile; fileRef = 801E69A128E799C300919E9F /* WelcomeView.swift */; };
		801E69A428E7AA6700919E9F /* GuardianActiveView.swift in Sources */ = {isa = PBXBuildFile; fileRef = 801E69A328E7AA6700919E9F /* GuardianActiveView.swift */; };
		801E69A628E7C43800919E9F /* ReportItemView.swift in Sources */ = {isa = PBXBuildFile; fileRef = 801E69A528E7C43800919E9F /* ReportItemView.swift */; };
		801E69B728E806C100919E9F /* FirebaseAuth in Frameworks */ = {isa = PBXBuildFile; productRef = 801E69B628E806C100919E9F /* FirebaseAuth */; };
		801E69B928E806C100919E9F /* FirebaseFunctions in Frameworks */ = {isa = PBXBuildFile; productRef = 801E69B828E806C100919E9F /* FirebaseFunctions */; };
		801E69BB28E806C100919E9F /* FirebaseStorage in Frameworks */ = {isa = PBXBuildFile; productRef = 801E69BA28E806C100919E9F /* FirebaseStorage */; };
		801E69BD28E8081200919E9F /* RouteClass.swift in Sources */ = {isa = PBXBuildFile; fileRef = 801E69BC28E8081200919E9F /* RouteClass.swift */; };
		801E69BF28E8812000919E9F /* PushNotificationPayload.apns in Resources */ = {isa = PBXBuildFile; fileRef = 801E69BE28E8812000919E9F /* PushNotificationPayload.apns */; };
		801E69C128E88B4200919E9F /* PushNotificationPayloadTest.apns in Resources */ = {isa = PBXBuildFile; fileRef = 801E69C028E88B4200919E9F /* PushNotificationPayloadTest.apns */; };
		801E69C228E88B4200919E9F /* PushNotificationPayloadTest.apns in Resources */ = {isa = PBXBuildFile; fileRef = 801E69C028E88B4200919E9F /* PushNotificationPayloadTest.apns */; };
		801E69C328E88B4200919E9F /* PushNotificationPayloadTest.apns in Resources */ = {isa = PBXBuildFile; fileRef = 801E69C028E88B4200919E9F /* PushNotificationPayloadTest.apns */; };
		801E69C428E88B4200919E9F /* PushNotificationPayloadTest.apns in Resources */ = {isa = PBXBuildFile; fileRef = 801E69C028E88B4200919E9F /* PushNotificationPayloadTest.apns */; };
		802BC28D29157F7A0013477D /* MemoListParam.swift in Sources */ = {isa = PBXBuildFile; fileRef = 802BC28C29157F7A0013477D /* MemoListParam.swift */; };
		802F527A28E1E17600E79AF1 /* Office.swift in Sources */ = {isa = PBXBuildFile; fileRef = 802F527928E1E17600E79AF1 /* Office.swift */; };
		802F527C28E1E1E300E79AF1 /* Report.swift in Sources */ = {isa = PBXBuildFile; fileRef = 802F527B28E1E1E300E79AF1 /* Report.swift */; };
		802F528528E1F53300E79AF1 /* ReportImage.swift in Sources */ = {isa = PBXBuildFile; fileRef = 802F528428E1F53300E79AF1 /* ReportImage.swift */; };
		802F528728E1F58000E79AF1 /* ReportNote.swift in Sources */ = {isa = PBXBuildFile; fileRef = 802F528628E1F58000E79AF1 /* ReportNote.swift */; };
		802F528928E1F5F300E79AF1 /* ReportPocInfo.swift in Sources */ = {isa = PBXBuildFile; fileRef = 802F528828E1F5F300E79AF1 /* ReportPocInfo.swift */; };
		8048D7102905D41600D4870D /* Router.swift in Sources */ = {isa = PBXBuildFile; fileRef = 8048D70F2905D41600D4870D /* Router.swift */; };
		8048D7122905DEA500D4870D /* Enumeration.swift in Sources */ = {isa = PBXBuildFile; fileRef = 8048D7112905DEA500D4870D /* Enumeration.swift */; };
		805EC2E32911919B001FBDDF /* MemoHeaderView.swift in Sources */ = {isa = PBXBuildFile; fileRef = 805EC2E22911919B001FBDDF /* MemoHeaderView.swift */; };
		805EC2E72911A61E001FBDDF /* AppTask.swift in Sources */ = {isa = PBXBuildFile; fileRef = 805EC2E62911A61E001FBDDF /* AppTask.swift */; };
		805F274928E66349001AB184 /* ReportListView.swift in Sources */ = {isa = PBXBuildFile; fileRef = 805F274828E66349001AB184 /* ReportListView.swift */; };
		80641BC02913329700296E36 /* OfficeMemoNotificationView.swift in Sources */ = {isa = PBXBuildFile; fileRef = 80641BBF2913329700296E36 /* OfficeMemoNotificationView.swift */; };
		8072BAAF2909E75800D38C4E /* MemoModel.xcdatamodeld in Sources */ = {isa = PBXBuildFile; fileRef = 8072BAAD2909E75800D38C4E /* MemoModel.xcdatamodeld */; };
		8072BAB12909E81800D38C4E /* DataController.swift in Sources */ = {isa = PBXBuildFile; fileRef = 8072BAB02909E81800D38C4E /* DataController.swift */; };
		8073D17028F230FF00916AC5 /* RouteSelectConfirmView.swift in Sources */ = {isa = PBXBuildFile; fileRef = 8073D16F28F230FF00916AC5 /* RouteSelectConfirmView.swift */; };
		8074EE4E290D7CF400AE70FE /* toolMenuView.swift in Sources */ = {isa = PBXBuildFile; fileRef = 8074EE4D290D7CF400AE70FE /* toolMenuView.swift */; };
		8074EE50290D7F2F00AE70FE /* FullBoxListView.swift in Sources */ = {isa = PBXBuildFile; fileRef = 8074EE4F290D7F2F00AE70FE /* FullBoxListView.swift */; };
		8074EE52290DE59D00AE70FE /* MemoView.swift in Sources */ = {isa = PBXBuildFile; fileRef = 8074EE51290DE59D00AE70FE /* MemoView.swift */; };
		8074EE54290DE6E400AE70FE /* AudioPlayerView.swift in Sources */ = {isa = PBXBuildFile; fileRef = 8074EE53290DE6E400AE70FE /* AudioPlayerView.swift */; };
		8074EE56290DF3D200AE70FE /* AudioManager.swift in Sources */ = {isa = PBXBuildFile; fileRef = 8074EE55290DF3D200AE70FE /* AudioManager.swift */; };
		8074EE5C29101F6D00AE70FE /* MemoVocalListView.swift in Sources */ = {isa = PBXBuildFile; fileRef = 8074EE5B29101F6D00AE70FE /* MemoVocalListView.swift */; };
		8074EE5E29101FBF00AE70FE /* MemoVocalView.swift in Sources */ = {isa = PBXBuildFile; fileRef = 8074EE5D29101FBF00AE70FE /* MemoVocalView.swift */; };
		8074EE61291040AF00AE70FE /* PlaybackControlButton.swift in Sources */ = {isa = PBXBuildFile; fileRef = 8074EE60291040AF00AE70FE /* PlaybackControlButton.swift */; };
		8081632528E94B9100A765F2 /* NotificationController.swift in Sources */ = {isa = PBXBuildFile; fileRef = 8081632428E94B9100A765F2 /* NotificationController.swift */; };
		8081632728E94BD900A765F2 /* NotificationView.swift in Sources */ = {isa = PBXBuildFile; fileRef = 8081632628E94BD900A765F2 /* NotificationView.swift */; };
		8081632A28E968CE00A765F2 /* NotificationReportView.swift in Sources */ = {isa = PBXBuildFile; fileRef = 8081632928E968CE00A765F2 /* NotificationReportView.swift */; };
		808225EF28D6BC2600EE53E2 /* User.swift in Sources */ = {isa = PBXBuildFile; fileRef = 808225EE28D6BC2600EE53E2 /* User.swift */; };
		8082260628D6E01600EE53E2 /* HomeView.swift in Sources */ = {isa = PBXBuildFile; fileRef = 8082260228D6E01600EE53E2 /* HomeView.swift */; };
		8082260728D6E01600EE53E2 /* SignInView.swift in Sources */ = {isa = PBXBuildFile; fileRef = 8082260328D6E01600EE53E2 /* SignInView.swift */; };
		8082260828D6E01600EE53E2 /* MotherView.swift in Sources */ = {isa = PBXBuildFile; fileRef = 8082260428D6E01600EE53E2 /* MotherView.swift */; };
		8082260928D6E01600EE53E2 /* SignUpView.swift in Sources */ = {isa = PBXBuildFile; fileRef = 8082260528D6E01600EE53E2 /* SignUpView.swift */; };
		80863B0828EA24560014D27A /* NotificationReportBannerView.swift in Sources */ = {isa = PBXBuildFile; fileRef = 80863B0728EA24560014D27A /* NotificationReportBannerView.swift */; };
		80863B0A28EA25290014D27A /* NotificationReportTitleView.swift in Sources */ = {isa = PBXBuildFile; fileRef = 80863B0928EA25290014D27A /* NotificationReportTitleView.swift */; };
		808D713E2904F83800227AB0 /* ErrorView.swift in Sources */ = {isa = PBXBuildFile; fileRef = 808D713D2904F83800227AB0 /* ErrorView.swift */; };
		808D71402904F84F00227AB0 /* CompleteView.swift in Sources */ = {isa = PBXBuildFile; fileRef = 808D713F2904F84F00227AB0 /* CompleteView.swift */; };
		8092EC702919CDCE00797746 /* InfoPlist.strings in Resources */ = {isa = PBXBuildFile; fileRef = 8092EC722919CDCE00797746 /* InfoPlist.strings */; };
		8092EC752919D35700797746 /* InfoPlist.strings in Resources */ = {isa = PBXBuildFile; fileRef = 8092EC722919CDCE00797746 /* InfoPlist.strings */; };
		80997C0D28FF145E00EABC62 /* DeliveryNoteItemView.swift in Sources */ = {isa = PBXBuildFile; fileRef = 80997C0C28FF145E00EABC62 /* DeliveryNoteItemView.swift */; };
		80997C1028FF27BB00EABC62 /* Localizable.strings in Resources */ = {isa = PBXBuildFile; fileRef = 80997C1228FF27BB00EABC62 /* Localizable.strings */; };
		809FEFAE28F8EA4F00130B66 /* AudioRecorderView.swift in Sources */ = {isa = PBXBuildFile; fileRef = 809FEFAD28F8EA4F00130B66 /* AudioRecorderView.swift */; };
		809FEFB028FA10C500130B66 /* AudioRecorder.swift in Sources */ = {isa = PBXBuildFile; fileRef = 809FEFAF28FA10C500130B66 /* AudioRecorder.swift */; };
		809FEFB228FAF5F900130B66 /* Extensions.swift in Sources */ = {isa = PBXBuildFile; fileRef = 809FEFB128FAF5F900130B66 /* Extensions.swift */; };
		809FEFB428FB1F3F00130B66 /* RecordingDataModel.swift in Sources */ = {isa = PBXBuildFile; fileRef = 809FEFB328FB1F3F00130B66 /* RecordingDataModel.swift */; };
		809FEFBA28FE0B2900130B66 /* RecordingView.swift in Sources */ = {isa = PBXBuildFile; fileRef = 809FEFB928FE0B2900130B66 /* RecordingView.swift */; };
		809FEFBC28FE0E9A00130B66 /* RecordingShareMenuView.swift in Sources */ = {isa = PBXBuildFile; fileRef = 809FEFBB28FE0E9A00130B66 /* RecordingShareMenuView.swift */; };
		80AF57B628DE0922002AF88D /* LoadingView.swift in Sources */ = {isa = PBXBuildFile; fileRef = 80AF57B528DE0922002AF88D /* LoadingView.swift */; };
		80B7B9BB2911EC8A005DB6BD /* ActivityIndicator.swift in Sources */ = {isa = PBXBuildFile; fileRef = 80B7B9BA2911EC8A005DB6BD /* ActivityIndicator.swift */; };
		80B9581B28EA82AA00097827 /* AppManager.swift in Sources */ = {isa = PBXBuildFile; fileRef = 80B9581A28EA82AA00097827 /* AppManager.swift */; };
		80B9581D28EBD16000097827 /* LocationManager.swift in Sources */ = {isa = PBXBuildFile; fileRef = 80B9581C28EBD16000097827 /* LocationManager.swift */; };
		80F0AC3128F32E4C00731752 /* NotificationDelegate.swift in Sources */ = {isa = PBXBuildFile; fileRef = 80F0AC3028F32E4C00731752 /* NotificationDelegate.swift */; };
		80F0AC3228F32E4C00731752 /* NotificationDelegate.swift in Sources */ = {isa = PBXBuildFile; fileRef = 80F0AC3028F32E4C00731752 /* NotificationDelegate.swift */; };
		80F0AC3328F32E4C00731752 /* NotificationDelegate.swift in Sources */ = {isa = PBXBuildFile; fileRef = 80F0AC3028F32E4C00731752 /* NotificationDelegate.swift */; };
/* End PBXBuildFile section */

/* Begin PBXContainerItemProxy section */
		800C78DA28D1885200432CA2 /* PBXContainerItemProxy */ = {
			isa = PBXContainerItemProxy;
			containerPortal = 800C78CC28D1885100432CA2 /* Project object */;
			proxyType = 1;
			remoteGlobalIDString = 800C78D728D1885200432CA2;
			remoteInfo = "ptool-watchOS Watch App";
		};
		800C78EB28D1885300432CA2 /* PBXContainerItemProxy */ = {
			isa = PBXContainerItemProxy;
			containerPortal = 800C78CC28D1885100432CA2 /* Project object */;
			proxyType = 1;
			remoteGlobalIDString = 800C78D728D1885200432CA2;
			remoteInfo = "ptool-watchOS Watch App";
		};
		800C78F528D1885300432CA2 /* PBXContainerItemProxy */ = {
			isa = PBXContainerItemProxy;
			containerPortal = 800C78CC28D1885100432CA2 /* Project object */;
			proxyType = 1;
			remoteGlobalIDString = 800C78D728D1885200432CA2;
			remoteInfo = "ptool-watchOS Watch App";
		};
/* End PBXContainerItemProxy section */

/* Begin PBXCopyFilesBuildPhase section */
		800C790128D1885300432CA2 /* Embed Watch Content */ = {
			isa = PBXCopyFilesBuildPhase;
			buildActionMask = 2147483647;
			dstPath = "$(CONTENTS_FOLDER_PATH)/Watch";
			dstSubfolderSpec = 16;
			files = (
				800C78D928D1885200432CA2 /* ptool-watchOS Watch App.app in Embed Watch Content */,
			);
			name = "Embed Watch Content";
			runOnlyForDeploymentPostprocessing = 0;
		};
/* End PBXCopyFilesBuildPhase section */

/* Begin PBXFileReference section */
		800C78D228D1885200432CA2 /* ptool-watchOS.app */ = {isa = PBXFileReference; explicitFileType = wrapper.application; includeInIndex = 0; path = "ptool-watchOS.app"; sourceTree = BUILT_PRODUCTS_DIR; };
		800C78D828D1885200432CA2 /* ptool-watchOS Watch App.app */ = {isa = PBXFileReference; explicitFileType = wrapper.application; includeInIndex = 0; path = "ptool-watchOS Watch App.app"; sourceTree = BUILT_PRODUCTS_DIR; };
		800C78DD28D1885200432CA2 /* ptool_watchOSApp.swift */ = {isa = PBXFileReference; lastKnownFileType = sourcecode.swift; path = ptool_watchOSApp.swift; sourceTree = "<group>"; };
		800C78E128D1885300432CA2 /* Assets.xcassets */ = {isa = PBXFileReference; lastKnownFileType = folder.assetcatalog; path = Assets.xcassets; sourceTree = "<group>"; };
		800C78E428D1885300432CA2 /* Preview Assets.xcassets */ = {isa = PBXFileReference; lastKnownFileType = folder.assetcatalog; path = "Preview Assets.xcassets"; sourceTree = "<group>"; };
		800C78EA28D1885300432CA2 /* ptool-watchOS Watch AppTests.xctest */ = {isa = PBXFileReference; explicitFileType = wrapper.cfbundle; includeInIndex = 0; path = "ptool-watchOS Watch AppTests.xctest"; sourceTree = BUILT_PRODUCTS_DIR; };
		800C78EE28D1885300432CA2 /* ptool_watchOS_Watch_AppTests.swift */ = {isa = PBXFileReference; lastKnownFileType = sourcecode.swift; path = ptool_watchOS_Watch_AppTests.swift; sourceTree = "<group>"; };
		800C78F428D1885300432CA2 /* ptool-watchOS Watch AppUITests.xctest */ = {isa = PBXFileReference; explicitFileType = wrapper.cfbundle; includeInIndex = 0; path = "ptool-watchOS Watch AppUITests.xctest"; sourceTree = BUILT_PRODUCTS_DIR; };
		800C78F828D1885300432CA2 /* ptool_watchOS_Watch_AppUITests.swift */ = {isa = PBXFileReference; lastKnownFileType = sourcecode.swift; path = ptool_watchOS_Watch_AppUITests.swift; sourceTree = "<group>"; };
		800C78FA28D1885300432CA2 /* ptool_watchOS_Watch_AppUITestsLaunchTests.swift */ = {isa = PBXFileReference; lastKnownFileType = sourcecode.swift; path = ptool_watchOS_Watch_AppUITestsLaunchTests.swift; sourceTree = "<group>"; };
		801408312905990D00D9E225 /* RadarView.swift */ = {isa = PBXFileReference; lastKnownFileType = sourcecode.swift; path = RadarView.swift; sourceTree = "<group>"; };
		801A234528ED1CD000999CF3 /* MainMenuView.swift */ = {isa = PBXFileReference; lastKnownFileType = sourcecode.swift; path = MainMenuView.swift; sourceTree = "<group>"; };
		801E698628E6988600919E9F /* PtoolLogoView.swift */ = {isa = PBXFileReference; lastKnownFileType = sourcecode.swift; path = PtoolLogoView.swift; sourceTree = "<group>"; };
		801E698828E699CF00919E9F /* ConfigView.swift */ = {isa = PBXFileReference; lastKnownFileType = sourcecode.swift; path = ConfigView.swift; sourceTree = "<group>"; };
		801E698B28E69E7F00919E9F /* ReportDetailView.swift */ = {isa = PBXFileReference; lastKnownFileType = sourcecode.swift; path = ReportDetailView.swift; sourceTree = "<group>"; };
		801E698F28E7497C00919E9F /* GoogleService-Info.plist */ = {isa = PBXFileReference; fileEncoding = 4; lastKnownFileType = text.plist.xml; path = "GoogleService-Info.plist"; sourceTree = "<group>"; };
		801E699128E7552E00919E9F /* UserEditIView.swift */ = {isa = PBXFileReference; lastKnownFileType = sourcecode.swift; path = UserEditIView.swift; sourceTree = "<group>"; };
		801E699328E7636D00919E9F /* RouteSelectView.swift */ = {isa = PBXFileReference; lastKnownFileType = sourcecode.swift; path = RouteSelectView.swift; sourceTree = "<group>"; };
		801E699528E7638400919E9F /* OfficeSelectView.swift */ = {isa = PBXFileReference; lastKnownFileType = sourcecode.swift; path = OfficeSelectView.swift; sourceTree = "<group>"; };
		801E699928E7759A00919E9F /* DeliveryNote.swift */ = {isa = PBXFileReference; lastKnownFileType = sourcecode.swift; path = DeliveryNote.swift; sourceTree = "<group>"; };
		801E699C28E7766400919E9F /* DeliveryNoteListView.swift */ = {isa = PBXFileReference; lastKnownFileType = sourcecode.swift; path = DeliveryNoteListView.swift; sourceTree = "<group>"; };
		801E699E28E776BC00919E9F /* DeliveryNoteDetailView.swift */ = {isa = PBXFileReference; lastKnownFileType = sourcecode.swift; path = DeliveryNoteDetailView.swift; sourceTree = "<group>"; };
		801E69A128E799C300919E9F /* WelcomeView.swift */ = {isa = PBXFileReference; lastKnownFileType = sourcecode.swift; path = WelcomeView.swift; sourceTree = "<group>"; };
		801E69A328E7AA6700919E9F /* GuardianActiveView.swift */ = {isa = PBXFileReference; lastKnownFileType = sourcecode.swift; path = GuardianActiveView.swift; sourceTree = "<group>"; };
		801E69A528E7C43800919E9F /* ReportItemView.swift */ = {isa = PBXFileReference; lastKnownFileType = sourcecode.swift; path = ReportItemView.swift; sourceTree = "<group>"; };
		801E69BC28E8081200919E9F /* RouteClass.swift */ = {isa = PBXFileReference; lastKnownFileType = sourcecode.swift; path = RouteClass.swift; sourceTree = "<group>"; };
		801E69BE28E8812000919E9F /* PushNotificationPayload.apns */ = {isa = PBXFileReference; lastKnownFileType = text; path = PushNotificationPayload.apns; sourceTree = "<group>"; };
		801E69C028E88B4200919E9F /* PushNotificationPayloadTest.apns */ = {isa = PBXFileReference; lastKnownFileType = text; path = PushNotificationPayloadTest.apns; sourceTree = "<group>"; };
		802BC28C29157F7A0013477D /* MemoListParam.swift */ = {isa = PBXFileReference; lastKnownFileType = sourcecode.swift; path = MemoListParam.swift; sourceTree = "<group>"; };
		802F527928E1E17600E79AF1 /* Office.swift */ = {isa = PBXFileReference; lastKnownFileType = sourcecode.swift; path = Office.swift; sourceTree = "<group>"; };
		802F527B28E1E1E300E79AF1 /* Report.swift */ = {isa = PBXFileReference; lastKnownFileType = sourcecode.swift; path = Report.swift; sourceTree = "<group>"; };
		802F528428E1F53300E79AF1 /* ReportImage.swift */ = {isa = PBXFileReference; lastKnownFileType = sourcecode.swift; path = ReportImage.swift; sourceTree = "<group>"; };
		802F528628E1F58000E79AF1 /* ReportNote.swift */ = {isa = PBXFileReference; lastKnownFileType = sourcecode.swift; path = ReportNote.swift; sourceTree = "<group>"; };
		802F528828E1F5F300E79AF1 /* ReportPocInfo.swift */ = {isa = PBXFileReference; lastKnownFileType = sourcecode.swift; path = ReportPocInfo.swift; sourceTree = "<group>"; };
		802F536D28E2405800E79AF1 /* ptool-watchOS-Watch-App-Info.plist */ = {isa = PBXFileReference; lastKnownFileType = text.plist; path = "ptool-watchOS-Watch-App-Info.plist"; sourceTree = SOURCE_ROOT; };
		8048D70F2905D41600D4870D /* Router.swift */ = {isa = PBXFileReference; lastKnownFileType = sourcecode.swift; path = Router.swift; sourceTree = "<group>"; };
		8048D7112905DEA500D4870D /* Enumeration.swift */ = {isa = PBXFileReference; lastKnownFileType = sourcecode.swift; path = Enumeration.swift; sourceTree = "<group>"; };
		805EC2E22911919B001FBDDF /* MemoHeaderView.swift */ = {isa = PBXFileReference; lastKnownFileType = sourcecode.swift; path = MemoHeaderView.swift; sourceTree = "<group>"; };
		805EC2E62911A61E001FBDDF /* AppTask.swift */ = {isa = PBXFileReference; lastKnownFileType = sourcecode.swift; path = AppTask.swift; sourceTree = "<group>"; };
		805F274828E66349001AB184 /* ReportListView.swift */ = {isa = PBXFileReference; lastKnownFileType = sourcecode.swift; path = ReportListView.swift; sourceTree = "<group>"; };
		80641BBF2913329700296E36 /* OfficeMemoNotificationView.swift */ = {isa = PBXFileReference; lastKnownFileType = sourcecode.swift; path = OfficeMemoNotificationView.swift; sourceTree = "<group>"; };
		80641BC12913393400296E36 /* PushNotificationPayloadOffice.apns */ = {isa = PBXFileReference; lastKnownFileType = text; path = PushNotificationPayloadOffice.apns; sourceTree = "<group>"; };
		8072BAAE2909E75800D38C4E /* MemoModel.xcdatamodel */ = {isa = PBXFileReference; lastKnownFileType = wrapper.xcdatamodel; path = MemoModel.xcdatamodel; sourceTree = "<group>"; };
		8072BAB02909E81800D38C4E /* DataController.swift */ = {isa = PBXFileReference; lastKnownFileType = sourcecode.swift; path = DataController.swift; sourceTree = "<group>"; };
		8073D16F28F230FF00916AC5 /* RouteSelectConfirmView.swift */ = {isa = PBXFileReference; lastKnownFileType = sourcecode.swift; path = RouteSelectConfirmView.swift; sourceTree = "<group>"; };
		8074EE4D290D7CF400AE70FE /* toolMenuView.swift */ = {isa = PBXFileReference; lastKnownFileType = sourcecode.swift; path = toolMenuView.swift; sourceTree = "<group>"; };
		8074EE4F290D7F2F00AE70FE /* FullBoxListView.swift */ = {isa = PBXFileReference; lastKnownFileType = sourcecode.swift; path = FullBoxListView.swift; sourceTree = "<group>"; };
		8074EE51290DE59D00AE70FE /* MemoView.swift */ = {isa = PBXFileReference; lastKnownFileType = sourcecode.swift; path = MemoView.swift; sourceTree = "<group>"; };
		8074EE53290DE6E400AE70FE /* AudioPlayerView.swift */ = {isa = PBXFileReference; lastKnownFileType = sourcecode.swift; path = AudioPlayerView.swift; sourceTree = "<group>"; };
		8074EE55290DF3D200AE70FE /* AudioManager.swift */ = {isa = PBXFileReference; lastKnownFileType = sourcecode.swift; path = AudioManager.swift; sourceTree = "<group>"; };
		8074EE5B29101F6D00AE70FE /* MemoVocalListView.swift */ = {isa = PBXFileReference; lastKnownFileType = sourcecode.swift; path = MemoVocalListView.swift; sourceTree = "<group>"; };
		8074EE5D29101FBF00AE70FE /* MemoVocalView.swift */ = {isa = PBXFileReference; lastKnownFileType = sourcecode.swift; path = MemoVocalView.swift; sourceTree = "<group>"; };
		8074EE60291040AF00AE70FE /* PlaybackControlButton.swift */ = {isa = PBXFileReference; lastKnownFileType = sourcecode.swift; path = PlaybackControlButton.swift; sourceTree = "<group>"; };
		8081632428E94B9100A765F2 /* NotificationController.swift */ = {isa = PBXFileReference; lastKnownFileType = sourcecode.swift; path = NotificationController.swift; sourceTree = "<group>"; };
		8081632628E94BD900A765F2 /* NotificationView.swift */ = {isa = PBXFileReference; lastKnownFileType = sourcecode.swift; path = NotificationView.swift; sourceTree = "<group>"; };
		8081632928E968CE00A765F2 /* NotificationReportView.swift */ = {isa = PBXFileReference; lastKnownFileType = sourcecode.swift; path = NotificationReportView.swift; sourceTree = "<group>"; };
		808225EE28D6BC2600EE53E2 /* User.swift */ = {isa = PBXFileReference; lastKnownFileType = sourcecode.swift; path = User.swift; sourceTree = "<group>"; };
		8082260228D6E01600EE53E2 /* HomeView.swift */ = {isa = PBXFileReference; fileEncoding = 4; lastKnownFileType = sourcecode.swift; path = HomeView.swift; sourceTree = "<group>"; };
		8082260328D6E01600EE53E2 /* SignInView.swift */ = {isa = PBXFileReference; fileEncoding = 4; lastKnownFileType = sourcecode.swift; path = SignInView.swift; sourceTree = "<group>"; };
		8082260428D6E01600EE53E2 /* MotherView.swift */ = {isa = PBXFileReference; fileEncoding = 4; lastKnownFileType = sourcecode.swift; path = MotherView.swift; sourceTree = "<group>"; };
		8082260528D6E01600EE53E2 /* SignUpView.swift */ = {isa = PBXFileReference; fileEncoding = 4; lastKnownFileType = sourcecode.swift; path = SignUpView.swift; sourceTree = "<group>"; };
		80863B0728EA24560014D27A /* NotificationReportBannerView.swift */ = {isa = PBXFileReference; lastKnownFileType = sourcecode.swift; path = NotificationReportBannerView.swift; sourceTree = "<group>"; };
		80863B0928EA25290014D27A /* NotificationReportTitleView.swift */ = {isa = PBXFileReference; lastKnownFileType = sourcecode.swift; path = NotificationReportTitleView.swift; sourceTree = "<group>"; };
		808D713D2904F83800227AB0 /* ErrorView.swift */ = {isa = PBXFileReference; lastKnownFileType = sourcecode.swift; path = ErrorView.swift; sourceTree = "<group>"; };
		808D713F2904F84F00227AB0 /* CompleteView.swift */ = {isa = PBXFileReference; lastKnownFileType = sourcecode.swift; path = CompleteView.swift; sourceTree = "<group>"; };
		8092EC712919CDCE00797746 /* en */ = {isa = PBXFileReference; lastKnownFileType = text.plist.strings; name = en; path = en.lproj/InfoPlist.strings; sourceTree = "<group>"; };
		8092EC732919CE0E00797746 /* fr-CA */ = {isa = PBXFileReference; lastKnownFileType = text.plist.strings; name = "fr-CA"; path = "fr-CA.lproj/InfoPlist.strings"; sourceTree = "<group>"; };
		8092EC742919CE6A00797746 /* fr-CA */ = {isa = PBXFileReference; lastKnownFileType = text.plist.strings; name = "fr-CA"; path = "fr-CA.lproj/Localizable.strings"; sourceTree = "<group>"; };
		80997C0C28FF145E00EABC62 /* DeliveryNoteItemView.swift */ = {isa = PBXFileReference; lastKnownFileType = sourcecode.swift; path = DeliveryNoteItemView.swift; sourceTree = "<group>"; };
		80997C1128FF27BB00EABC62 /* en */ = {isa = PBXFileReference; lastKnownFileType = text.plist.strings; name = en; path = en.lproj/Localizable.strings; sourceTree = "<group>"; };
		809FEFAB28F4CC0A00130B66 /* INFO.md */ = {isa = PBXFileReference; lastKnownFileType = net.daringfireball.markdown; path = INFO.md; sourceTree = "<group>"; };
		809FEFAD28F8EA4F00130B66 /* AudioRecorderView.swift */ = {isa = PBXFileReference; lastKnownFileType = sourcecode.swift; path = AudioRecorderView.swift; sourceTree = "<group>"; };
		809FEFAF28FA10C500130B66 /* AudioRecorder.swift */ = {isa = PBXFileReference; lastKnownFileType = sourcecode.swift; path = AudioRecorder.swift; sourceTree = "<group>"; };
		809FEFB128FAF5F900130B66 /* Extensions.swift */ = {isa = PBXFileReference; lastKnownFileType = sourcecode.swift; path = Extensions.swift; sourceTree = "<group>"; };
		809FEFB328FB1F3F00130B66 /* RecordingDataModel.swift */ = {isa = PBXFileReference; lastKnownFileType = sourcecode.swift; path = RecordingDataModel.swift; sourceTree = "<group>"; };
		809FEFB928FE0B2900130B66 /* RecordingView.swift */ = {isa = PBXFileReference; lastKnownFileType = sourcecode.swift; path = RecordingView.swift; sourceTree = "<group>"; };
		809FEFBB28FE0E9A00130B66 /* RecordingShareMenuView.swift */ = {isa = PBXFileReference; lastKnownFileType = sourcecode.swift; path = RecordingShareMenuView.swift; sourceTree = "<group>"; };
		80AF57B528DE0922002AF88D /* LoadingView.swift */ = {isa = PBXFileReference; lastKnownFileType = sourcecode.swift; path = LoadingView.swift; sourceTree = "<group>"; };
		80B7B9BA2911EC8A005DB6BD /* ActivityIndicator.swift */ = {isa = PBXFileReference; lastKnownFileType = sourcecode.swift; path = ActivityIndicator.swift; sourceTree = "<group>"; };
		80B9581A28EA82AA00097827 /* AppManager.swift */ = {isa = PBXFileReference; lastKnownFileType = sourcecode.swift; path = AppManager.swift; sourceTree = "<group>"; };
		80B9581C28EBD16000097827 /* LocationManager.swift */ = {isa = PBXFileReference; fileEncoding = 4; lastKnownFileType = sourcecode.swift; path = LocationManager.swift; sourceTree = "<group>"; };
		80F0AC3028F32E4C00731752 /* NotificationDelegate.swift */ = {isa = PBXFileReference; lastKnownFileType = sourcecode.swift; path = NotificationDelegate.swift; sourceTree = "<group>"; };
/* End PBXFileReference section */

/* Begin PBXFrameworksBuildPhase section */
		800C78D528D1885200432CA2 /* Frameworks */ = {
			isa = PBXFrameworksBuildPhase;
			buildActionMask = 2147483647;
			files = (
				801E69B728E806C100919E9F /* FirebaseAuth in Frameworks */,
				801E69B928E806C100919E9F /* FirebaseFunctions in Frameworks */,
				801E69BB28E806C100919E9F /* FirebaseStorage in Frameworks */,
			);
			runOnlyForDeploymentPostprocessing = 0;
		};
		800C78E728D1885300432CA2 /* Frameworks */ = {
			isa = PBXFrameworksBuildPhase;
			buildActionMask = 2147483647;
			files = (
			);
			runOnlyForDeploymentPostprocessing = 0;
		};
		800C78F128D1885300432CA2 /* Frameworks */ = {
			isa = PBXFrameworksBuildPhase;
			buildActionMask = 2147483647;
			files = (
			);
			runOnlyForDeploymentPostprocessing = 0;
		};
/* End PBXFrameworksBuildPhase section */

/* Begin PBXGroup section */
		800C78CB28D1885100432CA2 = {
			isa = PBXGroup;
			children = (
				80997C1228FF27BB00EABC62 /* Localizable.strings */,
				8092EC722919CDCE00797746 /* InfoPlist.strings */,
				801E69C028E88B4200919E9F /* PushNotificationPayloadTest.apns */,
				80641BC12913393400296E36 /* PushNotificationPayloadOffice.apns */,
				800C78DC28D1885200432CA2 /* ptool-watchOS Watch App */,
				800C78ED28D1885300432CA2 /* ptool-watchOS Watch AppTests */,
				800C78F728D1885300432CA2 /* ptool-watchOS Watch AppUITests */,
				800C78D328D1885200432CA2 /* Products */,
				801E69A728E7FAE600919E9F /* Frameworks */,
			);
			sourceTree = "<group>";
		};
		800C78D328D1885200432CA2 /* Products */ = {
			isa = PBXGroup;
			children = (
				800C78D228D1885200432CA2 /* ptool-watchOS.app */,
				800C78D828D1885200432CA2 /* ptool-watchOS Watch App.app */,
				800C78EA28D1885300432CA2 /* ptool-watchOS Watch AppTests.xctest */,
				800C78F428D1885300432CA2 /* ptool-watchOS Watch AppUITests.xctest */,
			);
			name = Products;
			sourceTree = "<group>";
		};
		800C78DC28D1885200432CA2 /* ptool-watchOS Watch App */ = {
			isa = PBXGroup;
			children = (
				809FEFAB28F4CC0A00130B66 /* INFO.md */,
				801E69BE28E8812000919E9F /* PushNotificationPayload.apns */,
				802F536D28E2405800E79AF1 /* ptool-watchOS-Watch-App-Info.plist */,
				801E698F28E7497C00919E9F /* GoogleService-Info.plist */,
				800C78DD28D1885200432CA2 /* ptool_watchOSApp.swift */,
				80B9581A28EA82AA00097827 /* AppManager.swift */,
				80B9581C28EBD16000097827 /* LocationManager.swift */,
				809FEFB128FAF5F900130B66 /* Extensions.swift */,
				8048D7112905DEA500D4870D /* Enumeration.swift */,
				800C78E128D1885300432CA2 /* Assets.xcassets */,
				8081632328E94B3600A765F2 /* Notification */,
				802F537028E2752A00E79AF1 /* Audio */,
				80E143B828D810AA009DF8D6 /* Data */,
				8082260128D6E01600EE53E2 /* Views */,
				80B9581928EA724800097827 /* Router */,
				800C78E328D1885300432CA2 /* Preview Content */,
			);
			path = "ptool-watchOS Watch App";
			sourceTree = "<group>";
		};
		800C78E328D1885300432CA2 /* Preview Content */ = {
			isa = PBXGroup;
			children = (
				800C78E428D1885300432CA2 /* Preview Assets.xcassets */,
			);
			path = "Preview Content";
			sourceTree = "<group>";
		};
		800C78ED28D1885300432CA2 /* ptool-watchOS Watch AppTests */ = {
			isa = PBXGroup;
			children = (
				800C78EE28D1885300432CA2 /* ptool_watchOS_Watch_AppTests.swift */,
			);
			path = "ptool-watchOS Watch AppTests";
			sourceTree = "<group>";
		};
		800C78F728D1885300432CA2 /* ptool-watchOS Watch AppUITests */ = {
			isa = PBXGroup;
			children = (
				800C78F828D1885300432CA2 /* ptool_watchOS_Watch_AppUITests.swift */,
				800C78FA28D1885300432CA2 /* ptool_watchOS_Watch_AppUITestsLaunchTests.swift */,
			);
			path = "ptool-watchOS Watch AppUITests";
			sourceTree = "<group>";
		};
		801E698328E6980900919E9F /* util */ = {
			isa = PBXGroup;
			children = (
				801A234528ED1CD000999CF3 /* MainMenuView.swift */,
				801E698628E6988600919E9F /* PtoolLogoView.swift */,
				801E698828E699CF00919E9F /* ConfigView.swift */,
				801E699128E7552E00919E9F /* UserEditIView.swift */,
				801E69A328E7AA6700919E9F /* GuardianActiveView.swift */,
				8074EE4D290D7CF400AE70FE /* toolMenuView.swift */,
				8074EE4F290D7F2F00AE70FE /* FullBoxListView.swift */,
			);
			path = util;
			sourceTree = "<group>";
		};
		801E698A28E69E4D00919E9F /* ReportViews */ = {
			isa = PBXGroup;
			children = (
				805F274828E66349001AB184 /* ReportListView.swift */,
				801E69A528E7C43800919E9F /* ReportItemView.swift */,
				801E698B28E69E7F00919E9F /* ReportDetailView.swift */,
			);
			path = ReportViews;
			sourceTree = "<group>";
		};
		801E699B28E7763300919E9F /* DeliveryNoteViews */ = {
			isa = PBXGroup;
			children = (
				801E699C28E7766400919E9F /* DeliveryNoteListView.swift */,
				801E699E28E776BC00919E9F /* DeliveryNoteDetailView.swift */,
				80997C0C28FF145E00EABC62 /* DeliveryNoteItemView.swift */,
			);
			path = DeliveryNoteViews;
			sourceTree = "<group>";
		};
		801E69A028E7994E00919E9F /* Home */ = {
			isa = PBXGroup;
			children = (
				8082260228D6E01600EE53E2 /* HomeView.swift */,
				8082260328D6E01600EE53E2 /* SignInView.swift */,
				8082260428D6E01600EE53E2 /* MotherView.swift */,
				801E69A128E799C300919E9F /* WelcomeView.swift */,
			);
			path = Home;
			sourceTree = "<group>";
		};
		801E69A728E7FAE600919E9F /* Frameworks */ = {
			isa = PBXGroup;
			children = (
			);
			name = Frameworks;
			sourceTree = "<group>";
		};
		802F527828E1E13700E79AF1 /* Table Class */ = {
			isa = PBXGroup;
			children = (
				801E699928E7759A00919E9F /* DeliveryNote.swift */,
				802F527928E1E17600E79AF1 /* Office.swift */,
				809FEFB328FB1F3F00130B66 /* RecordingDataModel.swift */,
				802F527B28E1E1E300E79AF1 /* Report.swift */,
				802F528428E1F53300E79AF1 /* ReportImage.swift */,
				802F528628E1F58000E79AF1 /* ReportNote.swift */,
				802F528828E1F5F300E79AF1 /* ReportPocInfo.swift */,
				801E69BC28E8081200919E9F /* RouteClass.swift */,
				808225EE28D6BC2600EE53E2 /* User.swift */,
				802BC28C29157F7A0013477D /* MemoListParam.swift */,
				805EC2E62911A61E001FBDDF /* AppTask.swift */,
			);
			path = "Table Class";
			sourceTree = "<group>";
		};
		802F537028E2752A00E79AF1 /* Audio */ = {
			isa = PBXGroup;
			children = (
				809FEFB728FC34C200130B66 /* Views */,
				809FEFAF28FA10C500130B66 /* AudioRecorder.swift */,
				8074EE55290DF3D200AE70FE /* AudioManager.swift */,
			);
			path = Audio;
			sourceTree = "<group>";
		};
		8073D16E28F2308800916AC5 /* Setting office-Route */ = {
			isa = PBXGroup;
			children = (
				801E699328E7636D00919E9F /* RouteSelectView.swift */,
				801E699528E7638400919E9F /* OfficeSelectView.swift */,
				8073D16F28F230FF00916AC5 /* RouteSelectConfirmView.swift */,
			);
			path = "Setting office-Route";
			sourceTree = "<group>";
		};
		8081632328E94B3600A765F2 /* Notification */ = {
			isa = PBXGroup;
			children = (
				809FEFB828FC34E500130B66 /* Views */,
				8081632428E94B9100A765F2 /* NotificationController.swift */,
				80F0AC3028F32E4C00731752 /* NotificationDelegate.swift */,
			);
			path = Notification;
			sourceTree = "<group>";
		};
		8082260128D6E01600EE53E2 /* Views */ = {
			isa = PBXGroup;
			children = (
				808D71412904F85C00227AB0 /* Logo */,
				8073D16E28F2308800916AC5 /* Setting office-Route */,
				801E69A028E7994E00919E9F /* Home */,
				801E699B28E7763300919E9F /* DeliveryNoteViews */,
				801E698A28E69E4D00919E9F /* ReportViews */,
				801E698328E6980900919E9F /* util */,
				8082260528D6E01600EE53E2 /* SignUpView.swift */,
			);
			path = Views;
			sourceTree = "<group>";
		};
		808D71412904F85C00227AB0 /* Logo */ = {
			isa = PBXGroup;
			children = (
				80AF57B528DE0922002AF88D /* LoadingView.swift */,
				808D713F2904F84F00227AB0 /* CompleteView.swift */,
				808D713D2904F83800227AB0 /* ErrorView.swift */,
				801408312905990D00D9E225 /* RadarView.swift */,
				80B7B9BA2911EC8A005DB6BD /* ActivityIndicator.swift */,
			);
			path = Logo;
			sourceTree = "<group>";
		};
		809FEFB728FC34C200130B66 /* Views */ = {
			isa = PBXGroup;
			children = (
				809FEFAD28F8EA4F00130B66 /* AudioRecorderView.swift */,
				8074EE53290DE6E400AE70FE /* AudioPlayerView.swift */,
				809FEFB928FE0B2900130B66 /* RecordingView.swift */,
				809FEFBB28FE0E9A00130B66 /* RecordingShareMenuView.swift */,
				8074EE5B29101F6D00AE70FE /* MemoVocalListView.swift */,
				8074EE5D29101FBF00AE70FE /* MemoVocalView.swift */,
				805EC2E22911919B001FBDDF /* MemoHeaderView.swift */,
				8074EE51290DE59D00AE70FE /* MemoView.swift */,
				8074EE60291040AF00AE70FE /* PlaybackControlButton.swift */,
			);
			path = Views;
			sourceTree = "<group>";
		};
		809FEFB828FC34E500130B66 /* Views */ = {
			isa = PBXGroup;
			children = (
				8081632628E94BD900A765F2 /* NotificationView.swift */,
				8081632928E968CE00A765F2 /* NotificationReportView.swift */,
				80863B0728EA24560014D27A /* NotificationReportBannerView.swift */,
				80863B0928EA25290014D27A /* NotificationReportTitleView.swift */,
				80641BBF2913329700296E36 /* OfficeMemoNotificationView.swift */,
			);
			path = Views;
			sourceTree = "<group>";
		};
		80B9581928EA724800097827 /* Router */ = {
			isa = PBXGroup;
			children = (
				8048D70F2905D41600D4870D /* Router.swift */,
			);
			path = Router;
			sourceTree = "<group>";
		};
		80E143B828D810AA009DF8D6 /* Data */ = {
			isa = PBXGroup;
			children = (
				802F527828E1E13700E79AF1 /* Table Class */,
				8072BAAD2909E75800D38C4E /* MemoModel.xcdatamodeld */,
				8072BAB02909E81800D38C4E /* DataController.swift */,
			);
			path = Data;
			sourceTree = "<group>";
		};
/* End PBXGroup section */

/* Begin PBXNativeTarget section */
		800C78D128D1885200432CA2 /* ptool-watchOS */ = {
			isa = PBXNativeTarget;
			buildConfigurationList = 800C790228D1885300432CA2 /* Build configuration list for PBXNativeTarget "ptool-watchOS" */;
			buildPhases = (
				800C78D028D1885200432CA2 /* Resources */,
				800C790128D1885300432CA2 /* Embed Watch Content */,
			);
			buildRules = (
			);
			dependencies = (
				800C78DB28D1885200432CA2 /* PBXTargetDependency */,
			);
			name = "ptool-watchOS";
			productName = "ptool-watchOS";
			productReference = 800C78D228D1885200432CA2 /* ptool-watchOS.app */;
			productType = "com.apple.product-type.application.watchapp2-container";
		};
		800C78D728D1885200432CA2 /* ptool-watchOS Watch App */ = {
			isa = PBXNativeTarget;
			buildConfigurationList = 800C78FE28D1885300432CA2 /* Build configuration list for PBXNativeTarget "ptool-watchOS Watch App" */;
			buildPhases = (
				800C78D428D1885200432CA2 /* Sources */,
				800C78D528D1885200432CA2 /* Frameworks */,
				800C78D628D1885200432CA2 /* Resources */,
			);
			buildRules = (
			);
			dependencies = (
			);
			name = "ptool-watchOS Watch App";
			packageProductDependencies = (
				801E69B628E806C100919E9F /* FirebaseAuth */,
				801E69B828E806C100919E9F /* FirebaseFunctions */,
				801E69BA28E806C100919E9F /* FirebaseStorage */,
			);
			productName = "ptool-watchOS Watch App";
			productReference = 800C78D828D1885200432CA2 /* ptool-watchOS Watch App.app */;
			productType = "com.apple.product-type.application";
		};
		800C78E928D1885300432CA2 /* ptool-watchOS Watch AppTests */ = {
			isa = PBXNativeTarget;
			buildConfigurationList = 800C790528D1885300432CA2 /* Build configuration list for PBXNativeTarget "ptool-watchOS Watch AppTests" */;
			buildPhases = (
				800C78E628D1885300432CA2 /* Sources */,
				800C78E728D1885300432CA2 /* Frameworks */,
				800C78E828D1885300432CA2 /* Resources */,
			);
			buildRules = (
			);
			dependencies = (
				800C78EC28D1885300432CA2 /* PBXTargetDependency */,
			);
			name = "ptool-watchOS Watch AppTests";
			productName = "ptool-watchOS Watch AppTests";
			productReference = 800C78EA28D1885300432CA2 /* ptool-watchOS Watch AppTests.xctest */;
			productType = "com.apple.product-type.bundle.unit-test";
		};
		800C78F328D1885300432CA2 /* ptool-watchOS Watch AppUITests */ = {
			isa = PBXNativeTarget;
			buildConfigurationList = 800C790828D1885300432CA2 /* Build configuration list for PBXNativeTarget "ptool-watchOS Watch AppUITests" */;
			buildPhases = (
				800C78F028D1885300432CA2 /* Sources */,
				800C78F128D1885300432CA2 /* Frameworks */,
				800C78F228D1885300432CA2 /* Resources */,
			);
			buildRules = (
			);
			dependencies = (
				800C78F628D1885300432CA2 /* PBXTargetDependency */,
			);
			name = "ptool-watchOS Watch AppUITests";
			productName = "ptool-watchOS Watch AppUITests";
			productReference = 800C78F428D1885300432CA2 /* ptool-watchOS Watch AppUITests.xctest */;
			productType = "com.apple.product-type.bundle.ui-testing";
		};
/* End PBXNativeTarget section */

/* Begin PBXProject section */
		800C78CC28D1885100432CA2 /* Project object */ = {
			isa = PBXProject;
			attributes = {
				BuildIndependentTargetsInParallel = 1;
				LastSwiftUpdateCheck = 1400;
				LastUpgradeCheck = 1410;
				TargetAttributes = {
					800C78D128D1885200432CA2 = {
						CreatedOnToolsVersion = 14.0;
					};
					800C78D728D1885200432CA2 = {
						CreatedOnToolsVersion = 14.0;
					};
					800C78E928D1885300432CA2 = {
						CreatedOnToolsVersion = 14.0;
						TestTargetID = 800C78D728D1885200432CA2;
					};
					800C78F328D1885300432CA2 = {
						CreatedOnToolsVersion = 14.0;
						TestTargetID = 800C78D728D1885200432CA2;
					};
				};
			};
			buildConfigurationList = 800C78CF28D1885100432CA2 /* Build configuration list for PBXProject "ptool-watchOS" */;
			compatibilityVersion = "Xcode 14.0";
			developmentRegion = en;
			hasScannedForEncodings = 0;
			knownRegions = (
				en,
				"fr-CA",
			);
			mainGroup = 800C78CB28D1885100432CA2;
			packageReferences = (
				801E69B528E806C100919E9F /* XCRemoteSwiftPackageReference "firebase-ios-sdk" */,
			);
			productRefGroup = 800C78D328D1885200432CA2 /* Products */;
			projectDirPath = "";
			projectRoot = "";
			targets = (
				800C78D128D1885200432CA2 /* ptool-watchOS */,
				800C78D728D1885200432CA2 /* ptool-watchOS Watch App */,
				800C78E928D1885300432CA2 /* ptool-watchOS Watch AppTests */,
				800C78F328D1885300432CA2 /* ptool-watchOS Watch AppUITests */,
			);
		};
/* End PBXProject section */

/* Begin PBXResourcesBuildPhase section */
		800C78D028D1885200432CA2 /* Resources */ = {
			isa = PBXResourcesBuildPhase;
			buildActionMask = 2147483647;
			files = (
				801E69C128E88B4200919E9F /* PushNotificationPayloadTest.apns in Resources */,
				8092EC702919CDCE00797746 /* InfoPlist.strings in Resources */,
			);
			runOnlyForDeploymentPostprocessing = 0;
		};
		800C78D628D1885200432CA2 /* Resources */ = {
			isa = PBXResourcesBuildPhase;
			buildActionMask = 2147483647;
			files = (
				800C78E528D1885300432CA2 /* Preview Assets.xcassets in Resources */,
				8092EC752919D35700797746 /* InfoPlist.strings in Resources */,
				80997C1028FF27BB00EABC62 /* Localizable.strings in Resources */,
				801E69BF28E8812000919E9F /* PushNotificationPayload.apns in Resources */,
				801E699028E7497C00919E9F /* GoogleService-Info.plist in Resources */,
				801E69C228E88B4200919E9F /* PushNotificationPayloadTest.apns in Resources */,
				800C78E228D1885300432CA2 /* Assets.xcassets in Resources */,
			);
			runOnlyForDeploymentPostprocessing = 0;
		};
		800C78E828D1885300432CA2 /* Resources */ = {
			isa = PBXResourcesBuildPhase;
			buildActionMask = 2147483647;
			files = (
				801E69C328E88B4200919E9F /* PushNotificationPayloadTest.apns in Resources */,
			);
			runOnlyForDeploymentPostprocessing = 0;
		};
		800C78F228D1885300432CA2 /* Resources */ = {
			isa = PBXResourcesBuildPhase;
			buildActionMask = 2147483647;
			files = (
				801E69C428E88B4200919E9F /* PushNotificationPayloadTest.apns in Resources */,
			);
			runOnlyForDeploymentPostprocessing = 0;
		};
/* End PBXResourcesBuildPhase section */

/* Begin PBXSourcesBuildPhase section */
		800C78D428D1885200432CA2 /* Sources */ = {
			isa = PBXSourcesBuildPhase;
			buildActionMask = 2147483647;
			files = (
				8074EE5C29101F6D00AE70FE /* MemoVocalListView.swift in Sources */,
				801E699428E7636D00919E9F /* RouteSelectView.swift in Sources */,
				8074EE50290D7F2F00AE70FE /* FullBoxListView.swift in Sources */,
				809FEFAE28F8EA4F00130B66 /* AudioRecorderView.swift in Sources */,
				809FEFB028FA10C500130B66 /* AudioRecorder.swift in Sources */,
				8081632A28E968CE00A765F2 /* NotificationReportView.swift in Sources */,
				8081632528E94B9100A765F2 /* NotificationController.swift in Sources */,
				8082260628D6E01600EE53E2 /* HomeView.swift in Sources */,
				800C78DE28D1885200432CA2 /* ptool_watchOSApp.swift in Sources */,
				8072BAB12909E81800D38C4E /* DataController.swift in Sources */,
				8082260828D6E01600EE53E2 /* MotherView.swift in Sources */,
				8074EE52290DE59D00AE70FE /* MemoView.swift in Sources */,
				802F528528E1F53300E79AF1 /* ReportImage.swift in Sources */,
				801E69BD28E8081200919E9F /* RouteClass.swift in Sources */,
				80AF57B628DE0922002AF88D /* LoadingView.swift in Sources */,
				809FEFB428FB1F3F00130B66 /* RecordingDataModel.swift in Sources */,
				80F0AC3128F32E4C00731752 /* NotificationDelegate.swift in Sources */,
				80641BC02913329700296E36 /* OfficeMemoNotificationView.swift in Sources */,
				801E699628E7638400919E9F /* OfficeSelectView.swift in Sources */,
				802BC28D29157F7A0013477D /* MemoListParam.swift in Sources */,
				805EC2E32911919B001FBDDF /* MemoHeaderView.swift in Sources */,
				805F274928E66349001AB184 /* ReportListView.swift in Sources */,
				80997C0D28FF145E00EABC62 /* DeliveryNoteItemView.swift in Sources */,
				802F528928E1F5F300E79AF1 /* ReportPocInfo.swift in Sources */,
				801E699228E7552E00919E9F /* UserEditIView.swift in Sources */,
				8074EE56290DF3D200AE70FE /* AudioManager.swift in Sources */,
				8081632728E94BD900A765F2 /* NotificationView.swift in Sources */,
				80B7B9BB2911EC8A005DB6BD /* ActivityIndicator.swift in Sources */,
				801A234628ED1CD000999CF3 /* MainMenuView.swift in Sources */,
				8082260928D6E01600EE53E2 /* SignUpView.swift in Sources */,
				808225EF28D6BC2600EE53E2 /* User.swift in Sources */,
				801408322905990D00D9E225 /* RadarView.swift in Sources */,
				8074EE5E29101FBF00AE70FE /* MemoVocalView.swift in Sources */,
				801E69A428E7AA6700919E9F /* GuardianActiveView.swift in Sources */,
				8073D17028F230FF00916AC5 /* RouteSelectConfirmView.swift in Sources */,
				80B9581D28EBD16000097827 /* LocationManager.swift in Sources */,
				808D713E2904F83800227AB0 /* ErrorView.swift in Sources */,
				802F528728E1F58000E79AF1 /* ReportNote.swift in Sources */,
				802F527C28E1E1E300E79AF1 /* Report.swift in Sources */,
				80B9581B28EA82AA00097827 /* AppManager.swift in Sources */,
				808D71402904F84F00227AB0 /* CompleteView.swift in Sources */,
				80863B0828EA24560014D27A /* NotificationReportBannerView.swift in Sources */,
				8074EE4E290D7CF400AE70FE /* toolMenuView.swift in Sources */,
				8082260728D6E01600EE53E2 /* SignInView.swift in Sources */,
				802F527A28E1E17600E79AF1 /* Office.swift in Sources */,
				801E69A628E7C43800919E9F /* ReportItemView.swift in Sources */,
				801E699D28E7766400919E9F /* DeliveryNoteListView.swift in Sources */,
				805EC2E72911A61E001FBDDF /* AppTask.swift in Sources */,
				801E698928E699CF00919E9F /* ConfigView.swift in Sources */,
				801E699F28E776BC00919E9F /* DeliveryNoteDetailView.swift in Sources */,
				8074EE54290DE6E400AE70FE /* AudioPlayerView.swift in Sources */,
				801E698C28E69E7F00919E9F /* ReportDetailView.swift in Sources */,
				809FEFB228FAF5F900130B66 /* Extensions.swift in Sources */,
				8074EE61291040AF00AE70FE /* PlaybackControlButton.swift in Sources */,
				8048D7102905D41600D4870D /* Router.swift in Sources */,
				8048D7122905DEA500D4870D /* Enumeration.swift in Sources */,
				809FEFBA28FE0B2900130B66 /* RecordingView.swift in Sources */,
				801E69A228E799C300919E9F /* WelcomeView.swift in Sources */,
				80863B0A28EA25290014D27A /* NotificationReportTitleView.swift in Sources */,
				809FEFBC28FE0E9A00130B66 /* RecordingShareMenuView.swift in Sources */,
				801E698728E6988600919E9F /* PtoolLogoView.swift in Sources */,
				801E699A28E7759A00919E9F /* DeliveryNote.swift in Sources */,
				8072BAAF2909E75800D38C4E /* MemoModel.xcdatamodeld in Sources */,
			);
			runOnlyForDeploymentPostprocessing = 0;
		};
		800C78E628D1885300432CA2 /* Sources */ = {
			isa = PBXSourcesBuildPhase;
			buildActionMask = 2147483647;
			files = (
				800C78EF28D1885300432CA2 /* ptool_watchOS_Watch_AppTests.swift in Sources */,
				80F0AC3228F32E4C00731752 /* NotificationDelegate.swift in Sources */,
			);
			runOnlyForDeploymentPostprocessing = 0;
		};
		800C78F028D1885300432CA2 /* Sources */ = {
			isa = PBXSourcesBuildPhase;
			buildActionMask = 2147483647;
			files = (
				800C78F928D1885300432CA2 /* ptool_watchOS_Watch_AppUITests.swift in Sources */,
				80F0AC3328F32E4C00731752 /* NotificationDelegate.swift in Sources */,
				800C78FB28D1885300432CA2 /* ptool_watchOS_Watch_AppUITestsLaunchTests.swift in Sources */,
			);
			runOnlyForDeploymentPostprocessing = 0;
		};
/* End PBXSourcesBuildPhase section */

/* Begin PBXTargetDependency section */
		800C78DB28D1885200432CA2 /* PBXTargetDependency */ = {
			isa = PBXTargetDependency;
			target = 800C78D728D1885200432CA2 /* ptool-watchOS Watch App */;
			targetProxy = 800C78DA28D1885200432CA2 /* PBXContainerItemProxy */;
		};
		800C78EC28D1885300432CA2 /* PBXTargetDependency */ = {
			isa = PBXTargetDependency;
			target = 800C78D728D1885200432CA2 /* ptool-watchOS Watch App */;
			targetProxy = 800C78EB28D1885300432CA2 /* PBXContainerItemProxy */;
		};
		800C78F628D1885300432CA2 /* PBXTargetDependency */ = {
			isa = PBXTargetDependency;
			target = 800C78D728D1885200432CA2 /* ptool-watchOS Watch App */;
			targetProxy = 800C78F528D1885300432CA2 /* PBXContainerItemProxy */;
		};
/* End PBXTargetDependency section */

/* Begin PBXVariantGroup section */
		8092EC722919CDCE00797746 /* InfoPlist.strings */ = {
			isa = PBXVariantGroup;
			children = (
				8092EC712919CDCE00797746 /* en */,
				8092EC732919CE0E00797746 /* fr-CA */,
			);
			name = InfoPlist.strings;
			sourceTree = "<group>";
		};
		80997C1228FF27BB00EABC62 /* Localizable.strings */ = {
			isa = PBXVariantGroup;
			children = (
				80997C1128FF27BB00EABC62 /* en */,
				8092EC742919CE6A00797746 /* fr-CA */,
			);
			name = Localizable.strings;
			sourceTree = SOURCE_ROOT;
		};
/* End PBXVariantGroup section */

/* Begin XCBuildConfiguration section */
		800C78FC28D1885300432CA2 /* Debug */ = {
			isa = XCBuildConfiguration;
			buildSettings = {
				ALWAYS_SEARCH_USER_PATHS = NO;
				CLANG_ANALYZER_LOCALIZABILITY_NONLOCALIZED = YES;
				CLANG_ANALYZER_NONNULL = YES;
				CLANG_ANALYZER_NUMBER_OBJECT_CONVERSION = YES_AGGRESSIVE;
				CLANG_CXX_LANGUAGE_STANDARD = "gnu++20";
				CLANG_ENABLE_MODULES = YES;
				CLANG_ENABLE_OBJC_ARC = YES;
				CLANG_ENABLE_OBJC_WEAK = YES;
				CLANG_WARN_BLOCK_CAPTURE_AUTORELEASING = YES;
				CLANG_WARN_BOOL_CONVERSION = YES;
				CLANG_WARN_COMMA = YES;
				CLANG_WARN_CONSTANT_CONVERSION = YES;
				CLANG_WARN_DEPRECATED_OBJC_IMPLEMENTATIONS = YES;
				CLANG_WARN_DIRECT_OBJC_ISA_USAGE = YES_ERROR;
				CLANG_WARN_DOCUMENTATION_COMMENTS = YES;
				CLANG_WARN_EMPTY_BODY = YES;
				CLANG_WARN_ENUM_CONVERSION = YES;
				CLANG_WARN_INFINITE_RECURSION = YES;
				CLANG_WARN_INT_CONVERSION = YES;
				CLANG_WARN_NON_LITERAL_NULL_CONVERSION = YES;
				CLANG_WARN_OBJC_IMPLICIT_RETAIN_SELF = YES;
				CLANG_WARN_OBJC_LITERAL_CONVERSION = YES;
				CLANG_WARN_OBJC_ROOT_CLASS = YES_ERROR;
				CLANG_WARN_QUOTED_INCLUDE_IN_FRAMEWORK_HEADER = YES;
				CLANG_WARN_RANGE_LOOP_ANALYSIS = YES;
				CLANG_WARN_STRICT_PROTOTYPES = YES;
				CLANG_WARN_SUSPICIOUS_MOVE = YES;
				CLANG_WARN_UNGUARDED_AVAILABILITY = YES_AGGRESSIVE;
				CLANG_WARN_UNREACHABLE_CODE = YES;
				CLANG_WARN__DUPLICATE_METHOD_MATCH = YES;
				COPY_PHASE_STRIP = NO;
				DEAD_CODE_STRIPPING = YES;
				DEBUG_INFORMATION_FORMAT = dwarf;
				ENABLE_STRICT_OBJC_MSGSEND = YES;
				ENABLE_TESTABILITY = YES;
				GCC_C_LANGUAGE_STANDARD = gnu11;
				GCC_DYNAMIC_NO_PIC = NO;
				GCC_NO_COMMON_BLOCKS = YES;
				GCC_OPTIMIZATION_LEVEL = 0;
				GCC_PREPROCESSOR_DEFINITIONS = (
					"DEBUG=1",
					"$(inherited)",
				);
				GCC_WARN_64_TO_32_BIT_CONVERSION = YES;
				GCC_WARN_ABOUT_RETURN_TYPE = YES_ERROR;
				GCC_WARN_UNDECLARED_SELECTOR = YES;
				GCC_WARN_UNINITIALIZED_AUTOS = YES_AGGRESSIVE;
				GCC_WARN_UNUSED_FUNCTION = YES;
				GCC_WARN_UNUSED_VARIABLE = YES;
				MTL_ENABLE_DEBUG_INFO = INCLUDE_SOURCE;
				MTL_FAST_MATH = YES;
				ONLY_ACTIVE_ARCH = YES;
				SWIFT_ACTIVE_COMPILATION_CONDITIONS = DEBUG;
				SWIFT_OPTIMIZATION_LEVEL = "-Onone";
			};
			name = Debug;
		};
		800C78FD28D1885300432CA2 /* Release */ = {
			isa = XCBuildConfiguration;
			buildSettings = {
				ALWAYS_SEARCH_USER_PATHS = NO;
				CLANG_ANALYZER_LOCALIZABILITY_NONLOCALIZED = YES;
				CLANG_ANALYZER_NONNULL = YES;
				CLANG_ANALYZER_NUMBER_OBJECT_CONVERSION = YES_AGGRESSIVE;
				CLANG_CXX_LANGUAGE_STANDARD = "gnu++20";
				CLANG_ENABLE_MODULES = YES;
				CLANG_ENABLE_OBJC_ARC = YES;
				CLANG_ENABLE_OBJC_WEAK = YES;
				CLANG_WARN_BLOCK_CAPTURE_AUTORELEASING = YES;
				CLANG_WARN_BOOL_CONVERSION = YES;
				CLANG_WARN_COMMA = YES;
				CLANG_WARN_CONSTANT_CONVERSION = YES;
				CLANG_WARN_DEPRECATED_OBJC_IMPLEMENTATIONS = YES;
				CLANG_WARN_DIRECT_OBJC_ISA_USAGE = YES_ERROR;
				CLANG_WARN_DOCUMENTATION_COMMENTS = YES;
				CLANG_WARN_EMPTY_BODY = YES;
				CLANG_WARN_ENUM_CONVERSION = YES;
				CLANG_WARN_INFINITE_RECURSION = YES;
				CLANG_WARN_INT_CONVERSION = YES;
				CLANG_WARN_NON_LITERAL_NULL_CONVERSION = YES;
				CLANG_WARN_OBJC_IMPLICIT_RETAIN_SELF = YES;
				CLANG_WARN_OBJC_LITERAL_CONVERSION = YES;
				CLANG_WARN_OBJC_ROOT_CLASS = YES_ERROR;
				CLANG_WARN_QUOTED_INCLUDE_IN_FRAMEWORK_HEADER = YES;
				CLANG_WARN_RANGE_LOOP_ANALYSIS = YES;
				CLANG_WARN_STRICT_PROTOTYPES = YES;
				CLANG_WARN_SUSPICIOUS_MOVE = YES;
				CLANG_WARN_UNGUARDED_AVAILABILITY = YES_AGGRESSIVE;
				CLANG_WARN_UNREACHABLE_CODE = YES;
				CLANG_WARN__DUPLICATE_METHOD_MATCH = YES;
				COPY_PHASE_STRIP = NO;
				DEAD_CODE_STRIPPING = YES;
				DEBUG_INFORMATION_FORMAT = "dwarf-with-dsym";
				ENABLE_NS_ASSERTIONS = NO;
				ENABLE_STRICT_OBJC_MSGSEND = YES;
				GCC_C_LANGUAGE_STANDARD = gnu11;
				GCC_NO_COMMON_BLOCKS = YES;
				GCC_WARN_64_TO_32_BIT_CONVERSION = YES;
				GCC_WARN_ABOUT_RETURN_TYPE = YES_ERROR;
				GCC_WARN_UNDECLARED_SELECTOR = YES;
				GCC_WARN_UNINITIALIZED_AUTOS = YES_AGGRESSIVE;
				GCC_WARN_UNUSED_FUNCTION = YES;
				GCC_WARN_UNUSED_VARIABLE = YES;
				MTL_ENABLE_DEBUG_INFO = NO;
				MTL_FAST_MATH = YES;
				SWIFT_COMPILATION_MODE = wholemodule;
				SWIFT_OPTIMIZATION_LEVEL = "-O";
			};
			name = Release;
		};
		800C78FF28D1885300432CA2 /* Debug */ = {
			isa = XCBuildConfiguration;
			buildSettings = {
				ASSETCATALOG_COMPILER_APPICON_NAME = AppIcon;
				ASSETCATALOG_COMPILER_GLOBAL_ACCENT_COLOR_NAME = AccentColor;
				ASSETCATALOG_COMPILER_INCLUDE_ALL_APPICON_ASSETS = YES;
				CODE_SIGN_STYLE = Automatic;
				CURRENT_PROJECT_VERSION = 1;
				DEVELOPMENT_ASSET_PATHS = "\"ptool-watchOS Watch App/Preview Content\"";
				DEVELOPMENT_TEAM = X4XVCCC9TR;
				ENABLE_PREVIEWS = YES;
				GENERATE_INFOPLIST_FILE = YES;
				INFOPLIST_FILE = "ptool-watchOS-Watch-App-Info.plist";
				INFOPLIST_KEY_CFBundleDisplayName = "GUARDIAN pour PTOOL";
				INFOPLIST_KEY_LSApplicationCategoryType = "public.app-category.utilities";
				INFOPLIST_KEY_NSAppleMusicUsageDescription = media;
				INFOPLIST_KEY_NSHumanReadableCopyright = "";
				INFOPLIST_KEY_NSMicrophoneUsageDescription = "ton micro";
				INFOPLIST_KEY_UISupportedInterfaceOrientations = "UIInterfaceOrientationPortrait UIInterfaceOrientationPortraitUpsideDown";
				INFOPLIST_KEY_WKWatchOnly = YES;
				LD_RUNPATH_SEARCH_PATHS = (
					"$(inherited)",
					"@executable_path/Frameworks",
				);
				MARKETING_VERSION = 1.0;
				NEW_SETTING = "";
				PRODUCT_BUNDLE_IDENTIFIER = "ptool.ptool-watchOS.watchkitapp";
				PRODUCT_NAME = "$(TARGET_NAME)";
				SDKROOT = watchos;
				SKIP_INSTALL = YES;
				SWIFT_EMIT_LOC_STRINGS = YES;
				SWIFT_VERSION = 5.0;
				TARGETED_DEVICE_FAMILY = 4;
				WATCHOS_DEPLOYMENT_TARGET = 9.0;
			};
			name = Debug;
		};
		800C790028D1885300432CA2 /* Release */ = {
			isa = XCBuildConfiguration;
			buildSettings = {
				ASSETCATALOG_COMPILER_APPICON_NAME = AppIcon;
				ASSETCATALOG_COMPILER_GLOBAL_ACCENT_COLOR_NAME = AccentColor;
				ASSETCATALOG_COMPILER_INCLUDE_ALL_APPICON_ASSETS = YES;
				CODE_SIGN_STYLE = Automatic;
				CURRENT_PROJECT_VERSION = 1;
				DEVELOPMENT_ASSET_PATHS = "\"ptool-watchOS Watch App/Preview Content\"";
				DEVELOPMENT_TEAM = X4XVCCC9TR;
				ENABLE_PREVIEWS = YES;
				GENERATE_INFOPLIST_FILE = YES;
				INFOPLIST_FILE = "ptool-watchOS-Watch-App-Info.plist";
				INFOPLIST_KEY_CFBundleDisplayName = "GUARDIAN pour PTOOL";
				INFOPLIST_KEY_LSApplicationCategoryType = "public.app-category.utilities";
				INFOPLIST_KEY_NSAppleMusicUsageDescription = media;
				INFOPLIST_KEY_NSHumanReadableCopyright = "";
				INFOPLIST_KEY_NSMicrophoneUsageDescription = "ton micro";
				INFOPLIST_KEY_UISupportedInterfaceOrientations = "UIInterfaceOrientationPortrait UIInterfaceOrientationPortraitUpsideDown";
				INFOPLIST_KEY_WKWatchOnly = YES;
				LD_RUNPATH_SEARCH_PATHS = (
					"$(inherited)",
					"@executable_path/Frameworks",
				);
				MARKETING_VERSION = 1.0;
				NEW_SETTING = "";
				PRODUCT_BUNDLE_IDENTIFIER = "ptool.ptool-watchOS.watchkitapp";
				PRODUCT_NAME = "$(TARGET_NAME)";
				SDKROOT = watchos;
				SKIP_INSTALL = YES;
				SWIFT_EMIT_LOC_STRINGS = YES;
				SWIFT_VERSION = 5.0;
				TARGETED_DEVICE_FAMILY = 4;
				VALIDATE_PRODUCT = YES;
				WATCHOS_DEPLOYMENT_TARGET = 9.0;
			};
			name = Release;
		};
		800C790328D1885300432CA2 /* Debug */ = {
			isa = XCBuildConfiguration;
			buildSettings = {
				ALWAYS_EMBED_SWIFT_STANDARD_LIBRARIES = YES;
				CODE_SIGN_STYLE = Automatic;
				CURRENT_PROJECT_VERSION = 1;
				DEVELOPMENT_TEAM = X4XVCCC9TR;
				INFOPLIST_KEY_CFBundleDisplayName = "ptool-watchOS";
				MARKETING_VERSION = 1.0;
				PRODUCT_BUNDLE_IDENTIFIER = "ptool.ptool-watchOS";
				"PRODUCT_BUNDLE_IDENTIFIER[sdk=watchos*]" = "ptool.ptool-watchOS.watchkitapp";
				PRODUCT_NAME = "$(TARGET_NAME)";
				SDKROOT = iphoneos;
				SUPPORTED_PLATFORMS = "iphoneos iphonesimulator";
				SUPPORTS_MACCATALYST = NO;
				SUPPORTS_MAC_DESIGNED_FOR_IPHONE_IPAD = NO;
				SWIFT_VERSION = 5.0;
				TARGETED_DEVICE_FAMILY = 1;
				WATCHOS_DEPLOYMENT_TARGET = 9.1;
			};
			name = Debug;
		};
		800C790428D1885300432CA2 /* Release */ = {
			isa = XCBuildConfiguration;
			buildSettings = {
				ALWAYS_EMBED_SWIFT_STANDARD_LIBRARIES = YES;
				CODE_SIGN_STYLE = Automatic;
				CURRENT_PROJECT_VERSION = 1;
				DEVELOPMENT_TEAM = X4XVCCC9TR;
				INFOPLIST_KEY_CFBundleDisplayName = "ptool-watchOS";
				MARKETING_VERSION = 1.0;
				PRODUCT_BUNDLE_IDENTIFIER = "ptool.ptool-watchOS";
				"PRODUCT_BUNDLE_IDENTIFIER[sdk=watchos*]" = "ptool.ptool-watchOS.watchkitapp";
				PRODUCT_NAME = "$(TARGET_NAME)";
				SDKROOT = iphoneos;
				SUPPORTED_PLATFORMS = "iphoneos iphonesimulator";
				SUPPORTS_MACCATALYST = NO;
				SUPPORTS_MAC_DESIGNED_FOR_IPHONE_IPAD = NO;
				SWIFT_VERSION = 5.0;
				TARGETED_DEVICE_FAMILY = 1;
				VALIDATE_PRODUCT = YES;
				WATCHOS_DEPLOYMENT_TARGET = 9.1;
			};
			name = Release;
		};
		800C790628D1885300432CA2 /* Debug */ = {
			isa = XCBuildConfiguration;
			buildSettings = {
				ALWAYS_EMBED_SWIFT_STANDARD_LIBRARIES = YES;
				BUNDLE_LOADER = "$(TEST_HOST)";
				CODE_SIGN_STYLE = Automatic;
				CURRENT_PROJECT_VERSION = 1;
				DEVELOPMENT_TEAM = X4XVCCC9TR;
				GENERATE_INFOPLIST_FILE = YES;
				MARKETING_VERSION = 1.0;
				PRODUCT_BUNDLE_IDENTIFIER = "ptool.ptool-watchOS-Watch-AppTests";
				PRODUCT_NAME = "$(TARGET_NAME)";
				SDKROOT = watchos;
				SWIFT_EMIT_LOC_STRINGS = NO;
				SWIFT_VERSION = 5.0;
				TARGETED_DEVICE_FAMILY = 4;
				TEST_HOST = "$(BUILT_PRODUCTS_DIR)/ptool-watchOS Watch App.app/$(BUNDLE_EXECUTABLE_FOLDER_PATH)/ptool-watchOS Watch App";
				WATCHOS_DEPLOYMENT_TARGET = 9.0;
			};
			name = Debug;
		};
		800C790728D1885300432CA2 /* Release */ = {
			isa = XCBuildConfiguration;
			buildSettings = {
				ALWAYS_EMBED_SWIFT_STANDARD_LIBRARIES = YES;
				BUNDLE_LOADER = "$(TEST_HOST)";
				CODE_SIGN_STYLE = Automatic;
				CURRENT_PROJECT_VERSION = 1;
				DEVELOPMENT_TEAM = X4XVCCC9TR;
				GENERATE_INFOPLIST_FILE = YES;
				MARKETING_VERSION = 1.0;
				PRODUCT_BUNDLE_IDENTIFIER = "ptool.ptool-watchOS-Watch-AppTests";
				PRODUCT_NAME = "$(TARGET_NAME)";
				SDKROOT = watchos;
				SWIFT_EMIT_LOC_STRINGS = NO;
				SWIFT_VERSION = 5.0;
				TARGETED_DEVICE_FAMILY = 4;
				TEST_HOST = "$(BUILT_PRODUCTS_DIR)/ptool-watchOS Watch App.app/$(BUNDLE_EXECUTABLE_FOLDER_PATH)/ptool-watchOS Watch App";
				VALIDATE_PRODUCT = YES;
				WATCHOS_DEPLOYMENT_TARGET = 9.0;
			};
			name = Release;
		};
		800C790928D1885300432CA2 /* Debug */ = {
			isa = XCBuildConfiguration;
			buildSettings = {
				ALWAYS_EMBED_SWIFT_STANDARD_LIBRARIES = YES;
				CODE_SIGN_STYLE = Automatic;
				CURRENT_PROJECT_VERSION = 1;
				DEVELOPMENT_TEAM = X4XVCCC9TR;
				GENERATE_INFOPLIST_FILE = YES;
				MARKETING_VERSION = 1.0;
				PRODUCT_BUNDLE_IDENTIFIER = "ptool.ptool-watchOS-Watch-AppUITests";
				PRODUCT_NAME = "$(TARGET_NAME)";
				SDKROOT = watchos;
				SWIFT_EMIT_LOC_STRINGS = NO;
				SWIFT_VERSION = 5.0;
				TARGETED_DEVICE_FAMILY = 4;
				TEST_TARGET_NAME = "ptool-watchOS Watch App";
				WATCHOS_DEPLOYMENT_TARGET = 9.0;
			};
			name = Debug;
		};
		800C790A28D1885300432CA2 /* Release */ = {
			isa = XCBuildConfiguration;
			buildSettings = {
				ALWAYS_EMBED_SWIFT_STANDARD_LIBRARIES = YES;
				CODE_SIGN_STYLE = Automatic;
				CURRENT_PROJECT_VERSION = 1;
				DEVELOPMENT_TEAM = X4XVCCC9TR;
				GENERATE_INFOPLIST_FILE = YES;
				MARKETING_VERSION = 1.0;
				PRODUCT_BUNDLE_IDENTIFIER = "ptool.ptool-watchOS-Watch-AppUITests";
				PRODUCT_NAME = "$(TARGET_NAME)";
				SDKROOT = watchos;
				SWIFT_EMIT_LOC_STRINGS = NO;
				SWIFT_VERSION = 5.0;
				TARGETED_DEVICE_FAMILY = 4;
				TEST_TARGET_NAME = "ptool-watchOS Watch App";
				VALIDATE_PRODUCT = YES;
				WATCHOS_DEPLOYMENT_TARGET = 9.0;
			};
			name = Release;
		};
/* End XCBuildConfiguration section */

/* Begin XCConfigurationList section */
		800C78CF28D1885100432CA2 /* Build configuration list for PBXProject "ptool-watchOS" */ = {
			isa = XCConfigurationList;
			buildConfigurations = (
				800C78FC28D1885300432CA2 /* Debug */,
				800C78FD28D1885300432CA2 /* Release */,
			);
			defaultConfigurationIsVisible = 0;
			defaultConfigurationName = Release;
		};
		800C78FE28D1885300432CA2 /* Build configuration list for PBXNativeTarget "ptool-watchOS Watch App" */ = {
			isa = XCConfigurationList;
			buildConfigurations = (
				800C78FF28D1885300432CA2 /* Debug */,
				800C790028D1885300432CA2 /* Release */,
			);
			defaultConfigurationIsVisible = 0;
			defaultConfigurationName = Release;
		};
		800C790228D1885300432CA2 /* Build configuration list for PBXNativeTarget "ptool-watchOS" */ = {
			isa = XCConfigurationList;
			buildConfigurations = (
				800C790328D1885300432CA2 /* Debug */,
				800C790428D1885300432CA2 /* Release */,
			);
			defaultConfigurationIsVisible = 0;
			defaultConfigurationName = Release;
		};
		800C790528D1885300432CA2 /* Build configuration list for PBXNativeTarget "ptool-watchOS Watch AppTests" */ = {
			isa = XCConfigurationList;
			buildConfigurations = (
				800C790628D1885300432CA2 /* Debug */,
				800C790728D1885300432CA2 /* Release */,
			);
			defaultConfigurationIsVisible = 0;
			defaultConfigurationName = Release;
		};
		800C790828D1885300432CA2 /* Build configuration list for PBXNativeTarget "ptool-watchOS Watch AppUITests" */ = {
			isa = XCConfigurationList;
			buildConfigurations = (
				800C790928D1885300432CA2 /* Debug */,
				800C790A28D1885300432CA2 /* Release */,
			);
			defaultConfigurationIsVisible = 0;
			defaultConfigurationName = Release;
		};
/* End XCConfigurationList section */

/* Begin XCRemoteSwiftPackageReference section */
		801E69B528E806C100919E9F /* XCRemoteSwiftPackageReference "firebase-ios-sdk" */ = {
			isa = XCRemoteSwiftPackageReference;
			repositoryURL = "https://github.com/firebase/firebase-ios-sdk";
			requirement = {
				kind = upToNextMajorVersion;
				minimumVersion = 9.0.0;
			};
		};
/* End XCRemoteSwiftPackageReference section */

/* Begin XCSwiftPackageProductDependency section */
		801E69B628E806C100919E9F /* FirebaseAuth */ = {
			isa = XCSwiftPackageProductDependency;
			package = 801E69B528E806C100919E9F /* XCRemoteSwiftPackageReference "firebase-ios-sdk" */;
			productName = FirebaseAuth;
		};
		801E69B828E806C100919E9F /* FirebaseFunctions */ = {
			isa = XCSwiftPackageProductDependency;
			package = 801E69B528E806C100919E9F /* XCRemoteSwiftPackageReference "firebase-ios-sdk" */;
			productName = FirebaseFunctions;
		};
		801E69BA28E806C100919E9F /* FirebaseStorage */ = {
			isa = XCSwiftPackageProductDependency;
			package = 801E69B528E806C100919E9F /* XCRemoteSwiftPackageReference "firebase-ios-sdk" */;
			productName = FirebaseStorage;
		};
/* End XCSwiftPackageProductDependency section */

/* Begin XCVersionGroup section */
		8072BAAD2909E75800D38C4E /* MemoModel.xcdatamodeld */ = {
			isa = XCVersionGroup;
			children = (
				8072BAAE2909E75800D38C4E /* MemoModel.xcdatamodel */,
			);
			currentVersion = 8072BAAE2909E75800D38C4E /* MemoModel.xcdatamodel */;
			path = MemoModel.xcdatamodeld;
			sourceTree = "<group>";
			versionGroupType = wrapper.xcdatamodel;
		};
/* End XCVersionGroup section */
	};
	rootObject = 800C78CC28D1885100432CA2 /* Project object */;
}
